// !$*UTF8*$!
{
	archiveVersion = 1;
	classes = {
	};
	objectVersion = 55;
	objects = {

/* Begin PBXBuildFile section */
		779C0A21277A12E000BCE560 /* FriendsTableVC.swift in Sources */ = {isa = PBXBuildFile; fileRef = 779C0A20277A12E000BCE560 /* FriendsTableVC.swift */; };
		779C0A26277A252500BCE560 /* FriendsCell.swift in Sources */ = {isa = PBXBuildFile; fileRef = 779C0A24277A252500BCE560 /* FriendsCell.swift */; };
		779C0A27277A252500BCE560 /* FriendsCell.xib in Resources */ = {isa = PBXBuildFile; fileRef = 779C0A25277A252500BCE560 /* FriendsCell.xib */; };
		779C0A29277A35ED00BCE560 /* GroupsTableVC.swift in Sources */ = {isa = PBXBuildFile; fileRef = 779C0A28277A35ED00BCE560 /* GroupsTableVC.swift */; };
		779C0A2C277A365100BCE560 /* GroupsCell.swift in Sources */ = {isa = PBXBuildFile; fileRef = 779C0A2A277A365100BCE560 /* GroupsCell.swift */; };
		779C0A2D277A365100BCE560 /* GroupsCell.xib in Resources */ = {isa = PBXBuildFile; fileRef = 779C0A2B277A365100BCE560 /* GroupsCell.xib */; };
		779C0A31277A68AB00BCE560 /* AllGroupsTableVC.swift in Sources */ = {isa = PBXBuildFile; fileRef = 779C0A30277A68AB00BCE560 /* AllGroupsTableVC.swift */; };
		779C0A35277B8E2D00BCE560 /* FriendsPhotoCell.swift in Sources */ = {isa = PBXBuildFile; fileRef = 779C0A33277B8E2D00BCE560 /* FriendsPhotoCell.swift */; };
		779C0A36277B8E2D00BCE560 /* FriendsPhotoCell.xib in Resources */ = {isa = PBXBuildFile; fileRef = 779C0A34277B8E2D00BCE560 /* FriendsPhotoCell.xib */; };
		779C0A38277B915400BCE560 /* FriendsPhotoCollectionVC.swift in Sources */ = {isa = PBXBuildFile; fileRef = 779C0A37277B915400BCE560 /* FriendsPhotoCollectionVC.swift */; };
		77AA4593276E9AB00086672C /* AppDelegate.swift in Sources */ = {isa = PBXBuildFile; fileRef = 77AA4592276E9AB00086672C /* AppDelegate.swift */; };
		77AA4595276E9AB00086672C /* SceneDelegate.swift in Sources */ = {isa = PBXBuildFile; fileRef = 77AA4594276E9AB00086672C /* SceneDelegate.swift */; };
		77AA4597276E9AB00086672C /* LoginViewController.swift in Sources */ = {isa = PBXBuildFile; fileRef = 77AA4596276E9AB00086672C /* LoginViewController.swift */; };
		77AA459A276E9AB00086672C /* Main.storyboard in Resources */ = {isa = PBXBuildFile; fileRef = 77AA4598276E9AB00086672C /* Main.storyboard */; };
		77AA459C276E9AB20086672C /* Assets.xcassets in Resources */ = {isa = PBXBuildFile; fileRef = 77AA459B276E9AB20086672C /* Assets.xcassets */; };
		77AA459F276E9AB20086672C /* LaunchScreen.storyboard in Resources */ = {isa = PBXBuildFile; fileRef = 77AA459D276E9AB20086672C /* LaunchScreen.storyboard */; };
/* End PBXBuildFile section */

/* Begin PBXFileReference section */
		779C0A20277A12E000BCE560 /* FriendsTableVC.swift */ = {isa = PBXFileReference; lastKnownFileType = sourcecode.swift; path = FriendsTableVC.swift; sourceTree = "<group>"; };
		779C0A24277A252500BCE560 /* FriendsCell.swift */ = {isa = PBXFileReference; lastKnownFileType = sourcecode.swift; path = FriendsCell.swift; sourceTree = "<group>"; };
		779C0A25277A252500BCE560 /* FriendsCell.xib */ = {isa = PBXFileReference; lastKnownFileType = file.xib; path = FriendsCell.xib; sourceTree = "<group>"; };
		779C0A28277A35ED00BCE560 /* GroupsTableVC.swift */ = {isa = PBXFileReference; lastKnownFileType = sourcecode.swift; path = GroupsTableVC.swift; sourceTree = "<group>"; };
		779C0A2A277A365100BCE560 /* GroupsCell.swift */ = {isa = PBXFileReference; lastKnownFileType = sourcecode.swift; path = GroupsCell.swift; sourceTree = "<group>"; };
		779C0A2B277A365100BCE560 /* GroupsCell.xib */ = {isa = PBXFileReference; lastKnownFileType = file.xib; path = GroupsCell.xib; sourceTree = "<group>"; };
		779C0A30277A68AB00BCE560 /* AllGroupsTableVC.swift */ = {isa = PBXFileReference; lastKnownFileType = sourcecode.swift; path = AllGroupsTableVC.swift; sourceTree = "<group>"; };
		779C0A33277B8E2D00BCE560 /* FriendsPhotoCell.swift */ = {isa = PBXFileReference; lastKnownFileType = sourcecode.swift; path = FriendsPhotoCell.swift; sourceTree = "<group>"; };
		779C0A34277B8E2D00BCE560 /* FriendsPhotoCell.xib */ = {isa = PBXFileReference; lastKnownFileType = file.xib; path = FriendsPhotoCell.xib; sourceTree = "<group>"; };
		779C0A37277B915400BCE560 /* FriendsPhotoCollectionVC.swift */ = {isa = PBXFileReference; lastKnownFileType = sourcecode.swift; path = FriendsPhotoCollectionVC.swift; sourceTree = "<group>"; };
		77AA458F276E9AB00086672C /* ThirdTimeIsTheCharm.app */ = {isa = PBXFileReference; explicitFileType = wrapper.application; includeInIndex = 0; path = ThirdTimeIsTheCharm.app; sourceTree = BUILT_PRODUCTS_DIR; };
		77AA4592276E9AB00086672C /* AppDelegate.swift */ = {isa = PBXFileReference; lastKnownFileType = sourcecode.swift; path = AppDelegate.swift; sourceTree = "<group>"; };
		77AA4594276E9AB00086672C /* SceneDelegate.swift */ = {isa = PBXFileReference; lastKnownFileType = sourcecode.swift; path = SceneDelegate.swift; sourceTree = "<group>"; };
		77AA4596276E9AB00086672C /* LoginViewController.swift */ = {isa = PBXFileReference; lastKnownFileType = sourcecode.swift; path = LoginViewController.swift; sourceTree = "<group>"; };
		77AA4599276E9AB00086672C /* Base */ = {isa = PBXFileReference; lastKnownFileType = file.storyboard; name = Base; path = Base.lproj/Main.storyboard; sourceTree = "<group>"; };
		77AA459B276E9AB20086672C /* Assets.xcassets */ = {isa = PBXFileReference; lastKnownFileType = folder.assetcatalog; path = Assets.xcassets; sourceTree = "<group>"; };
		77AA459E276E9AB20086672C /* Base */ = {isa = PBXFileReference; lastKnownFileType = file.storyboard; name = Base; path = Base.lproj/LaunchScreen.storyboard; sourceTree = "<group>"; };
		77AA45A0276E9AB20086672C /* Info.plist */ = {isa = PBXFileReference; lastKnownFileType = text.plist.xml; path = Info.plist; sourceTree = "<group>"; };
/* End PBXFileReference section */

/* Begin PBXFrameworksBuildPhase section */
		77AA458C276E9AB00086672C /* Frameworks */ = {
			isa = PBXFrameworksBuildPhase;
			buildActionMask = 2147483647;
			files = (
			);
			runOnlyForDeploymentPostprocessing = 0;
		};
/* End PBXFrameworksBuildPhase section */

/* Begin PBXGroup section */
		779C0A1D277A125F00BCE560 /* ViewControllers */ = {
			isa = PBXGroup;
			children = (
				77AA4596276E9AB00086672C /* LoginViewController.swift */,
				779C0A20277A12E000BCE560 /* FriendsTableVC.swift */,
				779C0A28277A35ED00BCE560 /* GroupsTableVC.swift */,
				779C0A30277A68AB00BCE560 /* AllGroupsTableVC.swift */,
				779C0A37277B915400BCE560 /* FriendsPhotoCollectionVC.swift */,
			);
			path = ViewControllers;
			sourceTree = "<group>";
		};
		779C0A22277A24DF00BCE560 /* Reusable Cells */ = {
			isa = PBXGroup;
			children = (
				779C0A32277B8DF100BCE560 /* CollectionCells */,
				779C0A23277A24F700BCE560 /* TableCells */,
			);
			path = "Reusable Cells";
			sourceTree = "<group>";
		};
		779C0A23277A24F700BCE560 /* TableCells */ = {
			isa = PBXGroup;
			children = (
				779C0A24277A252500BCE560 /* FriendsCell.swift */,
				779C0A25277A252500BCE560 /* FriendsCell.xib */,
				779C0A2A277A365100BCE560 /* GroupsCell.swift */,
				779C0A2B277A365100BCE560 /* GroupsCell.xib */,
			);
			path = TableCells;
			sourceTree = "<group>";
		};
		779C0A32277B8DF100BCE560 /* CollectionCells */ = {
			isa = PBXGroup;
			children = (
				779C0A33277B8E2D00BCE560 /* FriendsPhotoCell.swift */,
				779C0A34277B8E2D00BCE560 /* FriendsPhotoCell.xib */,
			);
			path = CollectionCells;
			sourceTree = "<group>";
		};
		77AA4586276E9AB00086672C = {
			isa = PBXGroup;
			children = (
				77AA4591276E9AB00086672C /* ThirdTimeIsTheCharm */,
				77AA4590276E9AB00086672C /* Products */,
			);
			sourceTree = "<group>";
		};
		77AA4590276E9AB00086672C /* Products */ = {
			isa = PBXGroup;
			children = (
				77AA458F276E9AB00086672C /* ThirdTimeIsTheCharm.app */,
			);
			name = Products;
			sourceTree = "<group>";
		};
		77AA4591276E9AB00086672C /* ThirdTimeIsTheCharm */ = {
			isa = PBXGroup;
			children = (
				77AA45A7276E9EAC0086672C /* Views */,
				779C0A1D277A125F00BCE560 /* ViewControllers */,
				77AA45A6276E9E7B0086672C /* Source */,
				77AA459B276E9AB20086672C /* Assets.xcassets */,
				77AA45A0276E9AB20086672C /* Info.plist */,
			);
			path = ThirdTimeIsTheCharm;
			sourceTree = "<group>";
		};
		77AA45A6276E9E7B0086672C /* Source */ = {
			isa = PBXGroup;
			children = (
				77AA459D276E9AB20086672C /* LaunchScreen.storyboard */,
				77AA4594276E9AB00086672C /* SceneDelegate.swift */,
				77AA4592276E9AB00086672C /* AppDelegate.swift */,
			);
			path = Source;
			sourceTree = "<group>";
		};
		77AA45A7276E9EAC0086672C /* Views */ = {
			isa = PBXGroup;
			children = (
				779C0A22277A24DF00BCE560 /* Reusable Cells */,
				77AA4598276E9AB00086672C /* Main.storyboard */,
			);
			path = Views;
			sourceTree = "<group>";
		};
/* End PBXGroup section */

/* Begin PBXNativeTarget section */
		77AA458E276E9AB00086672C /* ThirdTimeIsTheCharm */ = {
			isa = PBXNativeTarget;
			buildConfigurationList = 77AA45A3276E9AB20086672C /* Build configuration list for PBXNativeTarget "ThirdTimeIsTheCharm" */;
			buildPhases = (
				77AA458B276E9AB00086672C /* Sources */,
				77AA458C276E9AB00086672C /* Frameworks */,
				77AA458D276E9AB00086672C /* Resources */,
			);
			buildRules = (
			);
			dependencies = (
			);
			name = ThirdTimeIsTheCharm;
			productName = ThirdTimeIsTheCharm;
			productReference = 77AA458F276E9AB00086672C /* ThirdTimeIsTheCharm.app */;
			productType = "com.apple.product-type.application";
		};
/* End PBXNativeTarget section */

/* Begin PBXProject section */
		77AA4587276E9AB00086672C /* Project object */ = {
			isa = PBXProject;
			attributes = {
				BuildIndependentTargetsInParallel = 1;
				LastSwiftUpdateCheck = 1320;
				LastUpgradeCheck = 1320;
				TargetAttributes = {
					77AA458E276E9AB00086672C = {
						CreatedOnToolsVersion = 13.2;
					};
				};
			};
			buildConfigurationList = 77AA458A276E9AB00086672C /* Build configuration list for PBXProject "ThirdTimeIsTheCharm" */;
			compatibilityVersion = "Xcode 13.0";
			developmentRegion = en;
			hasScannedForEncodings = 0;
			knownRegions = (
				en,
				Base,
			);
			mainGroup = 77AA4586276E9AB00086672C;
			productRefGroup = 77AA4590276E9AB00086672C /* Products */;
			projectDirPath = "";
			projectRoot = "";
			targets = (
				77AA458E276E9AB00086672C /* ThirdTimeIsTheCharm */,
			);
		};
/* End PBXProject section */

/* Begin PBXResourcesBuildPhase section */
		77AA458D276E9AB00086672C /* Resources */ = {
			isa = PBXResourcesBuildPhase;
			buildActionMask = 2147483647;
			files = (
				77AA459F276E9AB20086672C /* LaunchScreen.storyboard in Resources */,
				77AA459C276E9AB20086672C /* Assets.xcassets in Resources */,
				779C0A36277B8E2D00BCE560 /* FriendsPhotoCell.xib in Resources */,
				77AA459A276E9AB00086672C /* Main.storyboard in Resources */,
				779C0A2D277A365100BCE560 /* GroupsCell.xib in Resources */,
				779C0A27277A252500BCE560 /* FriendsCell.xib in Resources */,
			);
			runOnlyForDeploymentPostprocessing = 0;
		};
/* End PBXResourcesBuildPhase section */

/* Begin PBXSourcesBuildPhase section */
		77AA458B276E9AB00086672C /* Sources */ = {
			isa = PBXSourcesBuildPhase;
			buildActionMask = 2147483647;
			files = (
				77AA4597276E9AB00086672C /* LoginViewController.swift in Sources */,
				779C0A38277B915400BCE560 /* FriendsPhotoCollectionVC.swift in Sources */,
				779C0A26277A252500BCE560 /* FriendsCell.swift in Sources */,
				779C0A35277B8E2D00BCE560 /* FriendsPhotoCell.swift in Sources */,
				77AA4593276E9AB00086672C /* AppDelegate.swift in Sources */,
				779C0A31277A68AB00BCE560 /* AllGroupsTableVC.swift in Sources */,
				77AA4595276E9AB00086672C /* SceneDelegate.swift in Sources */,
				779C0A21277A12E000BCE560 /* FriendsTableVC.swift in Sources */,
				779C0A2C277A365100BCE560 /* GroupsCell.swift in Sources */,
				779C0A29277A35ED00BCE560 /* GroupsTableVC.swift in Sources */,
			);
			runOnlyForDeploymentPostprocessing = 0;
		};
/* End PBXSourcesBuildPhase section */

/* Begin PBXVariantGroup section */
		77AA4598276E9AB00086672C /* Main.storyboard */ = {
			isa = PBXVariantGroup;
			children = (
				77AA4599276E9AB00086672C /* Base */,
			);
			name = Main.storyboard;
			sourceTree = "<group>";
		};
		77AA459D276E9AB20086672C /* LaunchScreen.storyboard */ = {
			isa = PBXVariantGroup;
			children = (
				77AA459E276E9AB20086672C /* Base */,
			);
			name = LaunchScreen.storyboard;
			sourceTree = "<group>";
		};
/* End PBXVariantGroup section */

/* Begin XCBuildConfiguration section */
		77AA45A1276E9AB20086672C /* Debug */ = {
			isa = XCBuildConfiguration;
			buildSettings = {
				ALWAYS_SEARCH_USER_PATHS = NO;
				CLANG_ANALYZER_NONNULL = YES;
				CLANG_ANALYZER_NUMBER_OBJECT_CONVERSION = YES_AGGRESSIVE;
				CLANG_CXX_LANGUAGE_STANDARD = "gnu++17";
				CLANG_CXX_LIBRARY = "libc++";
				CLANG_ENABLE_MODULES = YES;
				CLANG_ENABLE_OBJC_ARC = YES;
				CLANG_ENABLE_OBJC_WEAK = YES;
				CLANG_WARN_BLOCK_CAPTURE_AUTORELEASING = YES;
				CLANG_WARN_BOOL_CONVERSION = YES;
				CLANG_WARN_COMMA = YES;
				CLANG_WARN_CONSTANT_CONVERSION = YES;
				CLANG_WARN_DEPRECATED_OBJC_IMPLEMENTATIONS = YES;
				CLANG_WARN_DIRECT_OBJC_ISA_USAGE = YES_ERROR;
				CLANG_WARN_DOCUMENTATION_COMMENTS = YES;
				CLANG_WARN_EMPTY_BODY = YES;
				CLANG_WARN_ENUM_CONVERSION = YES;
				CLANG_WARN_INFINITE_RECURSION = YES;
				CLANG_WARN_INT_CONVERSION = YES;
				CLANG_WARN_NON_LITERAL_NULL_CONVERSION = YES;
				CLANG_WARN_OBJC_IMPLICIT_RETAIN_SELF = YES;
				CLANG_WARN_OBJC_LITERAL_CONVERSION = YES;
				CLANG_WARN_OBJC_ROOT_CLASS = YES_ERROR;
				CLANG_WARN_QUOTED_INCLUDE_IN_FRAMEWORK_HEADER = YES;
				CLANG_WARN_RANGE_LOOP_ANALYSIS = YES;
				CLANG_WARN_STRICT_PROTOTYPES = YES;
				CLANG_WARN_SUSPICIOUS_MOVE = YES;
				CLANG_WARN_UNGUARDED_AVAILABILITY = YES_AGGRESSIVE;
				CLANG_WARN_UNREACHABLE_CODE = YES;
				CLANG_WARN__DUPLICATE_METHOD_MATCH = YES;
				COPY_PHASE_STRIP = NO;
				DEBUG_INFORMATION_FORMAT = dwarf;
				ENABLE_STRICT_OBJC_MSGSEND = YES;
				ENABLE_TESTABILITY = YES;
				GCC_C_LANGUAGE_STANDARD = gnu11;
				GCC_DYNAMIC_NO_PIC = NO;
				GCC_NO_COMMON_BLOCKS = YES;
				GCC_OPTIMIZATION_LEVEL = 0;
				GCC_PREPROCESSOR_DEFINITIONS = (
					"DEBUG=1",
					"$(inherited)",
				);
				GCC_WARN_64_TO_32_BIT_CONVERSION = YES;
				GCC_WARN_ABOUT_RETURN_TYPE = YES_ERROR;
				GCC_WARN_UNDECLARED_SELECTOR = YES;
				GCC_WARN_UNINITIALIZED_AUTOS = YES_AGGRESSIVE;
				GCC_WARN_UNUSED_FUNCTION = YES;
				GCC_WARN_UNUSED_VARIABLE = YES;
				IPHONEOS_DEPLOYMENT_TARGET = 15.2;
				MTL_ENABLE_DEBUG_INFO = INCLUDE_SOURCE;
				MTL_FAST_MATH = YES;
				ONLY_ACTIVE_ARCH = YES;
				SDKROOT = iphoneos;
				SWIFT_ACTIVE_COMPILATION_CONDITIONS = DEBUG;
				SWIFT_OPTIMIZATION_LEVEL = "-Onone";
			};
			name = Debug;
		};
		77AA45A2276E9AB20086672C /* Release */ = {
			isa = XCBuildConfiguration;
			buildSettings = {
				ALWAYS_SEARCH_USER_PATHS = NO;
				CLANG_ANALYZER_NONNULL = YES;
				CLANG_ANALYZER_NUMBER_OBJECT_CONVERSION = YES_AGGRESSIVE;
				CLANG_CXX_LANGUAGE_STANDARD = "gnu++17";
				CLANG_CXX_LIBRARY = "libc++";
				CLANG_ENABLE_MODULES = YES;
				CLANG_ENABLE_OBJC_ARC = YES;
				CLANG_ENABLE_OBJC_WEAK = YES;
				CLANG_WARN_BLOCK_CAPTURE_AUTORELEASING = YES;
				CLANG_WARN_BOOL_CONVERSION = YES;
				CLANG_WARN_COMMA = YES;
				CLANG_WARN_CONSTANT_CONVERSION = YES;
				CLANG_WARN_DEPRECATED_OBJC_IMPLEMENTATIONS = YES;
				CLANG_WARN_DIRECT_OBJC_ISA_USAGE = YES_ERROR;
				CLANG_WARN_DOCUMENTATION_COMMENTS = YES;
				CLANG_WARN_EMPTY_BODY = YES;
				CLANG_WARN_ENUM_CONVERSION = YES;
				CLANG_WARN_INFINITE_RECURSION = YES;
				CLANG_WARN_INT_CONVERSION = YES;
				CLANG_WARN_NON_LITERAL_NULL_CONVERSION = YES;
				CLANG_WARN_OBJC_IMPLICIT_RETAIN_SELF = YES;
				CLANG_WARN_OBJC_LITERAL_CONVERSION = YES;
				CLANG_WARN_OBJC_ROOT_CLASS = YES_ERROR;
				CLANG_WARN_QUOTED_INCLUDE_IN_FRAMEWORK_HEADER = YES;
				CLANG_WARN_RANGE_LOOP_ANALYSIS = YES;
				CLANG_WARN_STRICT_PROTOTYPES = YES;
				CLANG_WARN_SUSPICIOUS_MOVE = YES;
				CLANG_WARN_UNGUARDED_AVAILABILITY = YES_AGGRESSIVE;
				CLANG_WARN_UNREACHABLE_CODE = YES;
				CLANG_WARN__DUPLICATE_METHOD_MATCH = YES;
				COPY_PHASE_STRIP = NO;
				DEBUG_INFORMATION_FORMAT = "dwarf-with-dsym";
				ENABLE_NS_ASSERTIONS = NO;
				ENABLE_STRICT_OBJC_MSGSEND = YES;
				GCC_C_LANGUAGE_STANDARD = gnu11;
				GCC_NO_COMMON_BLOCKS = YES;
				GCC_WARN_64_TO_32_BIT_CONVERSION = YES;
				GCC_WARN_ABOUT_RETURN_TYPE = YES_ERROR;
				GCC_WARN_UNDECLARED_SELECTOR = YES;
				GCC_WARN_UNINITIALIZED_AUTOS = YES_AGGRESSIVE;
				GCC_WARN_UNUSED_FUNCTION = YES;
				GCC_WARN_UNUSED_VARIABLE = YES;
				IPHONEOS_DEPLOYMENT_TARGET = 15.2;
				MTL_ENABLE_DEBUG_INFO = NO;
				MTL_FAST_MATH = YES;
				SDKROOT = iphoneos;
				SWIFT_COMPILATION_MODE = wholemodule;
				SWIFT_OPTIMIZATION_LEVEL = "-O";
				VALIDATE_PRODUCT = YES;
			};
			name = Release;
		};
		77AA45A4276E9AB20086672C /* Debug */ = {
			isa = XCBuildConfiguration;
			buildSettings = {
				ASSETCATALOG_COMPILER_APPICON_NAME = AppIcon;
				ASSETCATALOG_COMPILER_GLOBAL_ACCENT_COLOR_NAME = AccentColor;
				CODE_SIGN_STYLE = Automatic;
				CURRENT_PROJECT_VERSION = 1;
				DEVELOPMENT_TEAM = 2ZAH9FN7PQ;
				GENERATE_INFOPLIST_FILE = YES;
				INFOPLIST_FILE = ThirdTimeIsTheCharm/Info.plist;
				INFOPLIST_KEY_UIApplicationSupportsIndirectInputEvents = YES;
				INFOPLIST_KEY_UILaunchStoryboardName = LaunchScreen;
				INFOPLIST_KEY_UIMainStoryboardFile = Main;
				INFOPLIST_KEY_UISupportedInterfaceOrientations_iPad = "UIInterfaceOrientationPortrait UIInterfaceOrientationPortraitUpsideDown UIInterfaceOrientationLandscapeLeft UIInterfaceOrientationLandscapeRight";
				INFOPLIST_KEY_UISupportedInterfaceOrientations_iPhone = "UIInterfaceOrientationPortrait UIInterfaceOrientationLandscapeLeft UIInterfaceOrientationLandscapeRight";
				LD_RUNPATH_SEARCH_PATHS = (
					"$(inherited)",
					"@executable_path/Frameworks",
				);
				MARKETING_VERSION = 1.0;
				PRODUCT_BUNDLE_IDENTIFIER = GB.ThirdTimeIsTheCharm;
				PRODUCT_NAME = "$(TARGET_NAME)";
				SWIFT_EMIT_LOC_STRINGS = YES;
				SWIFT_VERSION = 5.0;
				TARGETED_DEVICE_FAMILY = "1,2";
			};
			name = Debug;
		};
		77AA45A5276E9AB20086672C /* Release */ = {
			isa = XCBuildConfiguration;
			buildSettings = {
				ASSETCATALOG_COMPILER_APPICON_NAME = AppIcon;
				ASSETCATALOG_COMPILER_GLOBAL_ACCENT_COLOR_NAME = AccentColor;
				CODE_SIGN_STYLE = Automatic;
				CURRENT_PROJECT_VERSION = 1;
				DEVELOPMENT_TEAM = 2ZAH9FN7PQ;
				GENERATE_INFOPLIST_FILE = YES;
				INFOPLIST_FILE = ThirdTimeIsTheCharm/Info.plist;
				INFOPLIST_KEY_UIApplicationSupportsIndirectInputEvents = YES;
				INFOPLIST_KEY_UILaunchStoryboardName = LaunchScreen;
				INFOPLIST_KEY_UIMainStoryboardFile = Main;
				INFOPLIST_KEY_UISupportedInterfaceOrientations_iPad = "UIInterfaceOrientationPortrait UIInterfaceOrientationPortraitUpsideDown UIInterfaceOrientationLandscapeLeft UIInterfaceOrientationLandscapeRight";
				INFOPLIST_KEY_UISupportedInterfaceOrientations_iPhone = "UIInterfaceOrientationPortrait UIInterfaceOrientationLandscapeLeft UIInterfaceOrientationLandscapeRight";
				LD_RUNPATH_SEARCH_PATHS = (
					"$(inherited)",
					"@executable_path/Frameworks",
				);
				MARKETING_VERSION = 1.0;
				PRODUCT_BUNDLE_IDENTIFIER = GB.ThirdTimeIsTheCharm;
				PRODUCT_NAME = "$(TARGET_NAME)";
				SWIFT_EMIT_LOC_STRINGS = YES;
				SWIFT_VERSION = 5.0;
				TARGETED_DEVICE_FAMILY = "1,2";
			};
			name = Release;
		};
/* End XCBuildConfiguration section */

/* Begin XCConfigurationList section */
		77AA458A276E9AB00086672C /* Build configuration list for PBXProject "ThirdTimeIsTheCharm" */ = {
			isa = XCConfigurationList;
			buildConfigurations = (
				77AA45A1276E9AB20086672C /* Debug */,
				77AA45A2276E9AB20086672C /* Release */,
			);
			defaultConfigurationIsVisible = 0;
			defaultConfigurationName = Release;
		};
		77AA45A3276E9AB20086672C /* Build configuration list for PBXNativeTarget "ThirdTimeIsTheCharm" */ = {
			isa = XCConfigurationList;
			buildConfigurations = (
				77AA45A4276E9AB20086672C /* Debug */,
				77AA45A5276E9AB20086672C /* Release */,
			);
			defaultConfigurationIsVisible = 0;
			defaultConfigurationName = Release;
		};
/* End XCConfigurationList section */
	};
	rootObject = 77AA4587276E9AB00086672C /* Project object */;
}
